{
   "modules" : {
      "Class::Accessor" : {
         "dist" : "Class-Accessor-0.34",
         "mymeta" : {
            "abstract" : "unknown",
            "author" : [
               "Marty Pauley <marty+perl@kasei.com>"
            ],
            "dynamic_config" : 0,
            "generated_by" : "ExtUtils::MakeMaker version 6.42, CPAN::Meta::Converter version 2.112621",
            "license" : [
               "perl_5"
            ],
            "meta-spec" : {
               "url" : "http://search.cpan.org/perldoc?CPAN::Meta::Spec",
               "version" : "2"
            },
            "name" : "Class-Accessor",
            "prereqs" : {
               "build" : {
                  "requires" : {
                     "ExtUtils::MakeMaker" : 0
                  }
               },
               "runtime" : {
                  "requires" : {
                     "base" : "1.01"
                  }
               }
            },
            "release_status" : "stable",
            "version" : "0.34"
         },
         "name" : "Class::Accessor",
         "pathname" : "K/KA/KASEI/Class-Accessor-0.34.tar.gz",
         "provides" : {
            "Class::Accessor" : {
               "file" : "Class/Accessor.pm",
               "version" : "0.34"
            },
            "Class::Accessor::Fast" : {
               "file" : "Class/Accessor/Fast.pm",
               "version" : "0.34"
            },
            "Class::Accessor::Faster" : {
               "file" : "Class/Accessor/Faster.pm",
               "version" : "0.34"
            }
         },
         "target" : "Class::Accessor",
         "version" : "0.34"
      },
      "Class::Accessor::Lite" : {
         "dist" : "Class-Accessor-Lite-0.05",
         "mymeta" : {
            "abstract" : "a minimalistic variant of Class::Accessor",
            "author" : [
               "Copyright (C) 2008 - 2010 Kazuho Oku"
            ],
            "dynamic_config" : 0,
            "generated_by" : "Module::Install version 1.00, CPAN::Meta::Converter version 2.112621",
            "license" : [
               "perl_5"
            ],
            "meta-spec" : {
               "url" : "http://search.cpan.org/perldoc?CPAN::Meta::Spec",
               "version" : "2"
            },
            "name" : "Class-Accessor-Lite",
            "no_index" : {
               "directory" : [
                  "inc",
                  "t"
               ]
            },
            "prereqs" : {
               "build" : {
                  "requires" : {
                     "ExtUtils::MakeMaker" : "6.42"
                  }
               },
               "configure" : {
                  "requires" : {
                     "ExtUtils::MakeMaker" : "6.42"
                  }
               },
               "runtime" : {
                  "requires" : {}
               }
            },
            "release_status" : "stable",
            "resources" : {
               "license" : [
                  "http://dev.perl.org/licenses/"
               ]
            },
            "version" : "0.05"
         },
         "name" : "Class::Accessor::Lite",
         "pathname" : "K/KA/KAZUHO/Class-Accessor-Lite-0.05.tar.gz",
         "provides" : {
            "Class::Accessor::Lite" : {
               "file" : "Class/Accessor/Lite.pm",
               "version" : "0.05"
            }
         },
         "target" : "Class::Accessor::Lite",
         "version" : "0.05"
      },
      "Data::OptList" : {
         "dist" : "Data-OptList-0.107",
         "mymeta" : {
            "abstract" : "parse and validate simple name/value option pairs",
            "author" : [
               "Ricardo Signes <rjbs@cpan.org>"
            ],
            "dynamic_config" : 0,
            "generated_by" : "Dist::Zilla version 4.200006, CPAN::Meta::Converter version 2.110930, CPAN::Meta::Converter version 2.112621",
            "license" : [
               "perl_5"
            ],
            "meta-spec" : {
               "url" : "http://search.cpan.org/perldoc?CPAN::Meta::Spec",
               "version" : "2"
            },
            "name" : "Data-OptList",
            "prereqs" : {
               "build" : {
                  "requires" : {
                     "Test::More" : "0.96"
                  }
               },
               "configure" : {
                  "requires" : {
                     "ExtUtils::MakeMaker" : "6.30"
                  }
               },
               "runtime" : {
                  "requires" : {
                     "List::Util" : 0,
                     "Params::Util" : 0,
                     "Sub::Install" : "0.921"
                  }
               },
               "test" : {
                  "requires" : {
                     "Test::More" : "0.96"
                  }
               }
            },
            "release_status" : "stable",
            "resources" : {
               "homepage" : "http://github.com/rjbs/data-optlist",
               "repository" : {
                  "type" : "git",
                  "url" : "http://github.com/rjbs/data-optlist",
                  "web" : "http://github.com/rjbs/data-optlist"
               }
            },
            "version" : "0.107",
            "x_Dist_Zilla" : {
               "plugins" : [
                  {
                     "class" : "Dist::Zilla::Plugin::CheckPrereqsIndexed",
                     "name" : "@RJBS/CheckPrereqsIndexed",
                     "version" : "0.002"
                  },
                  {
                     "class" : "Dist::Zilla::Plugin::GatherDir",
                     "name" : "@RJBS/@Basic/GatherDir",
                     "version" : "4.200006"
                  },
                  {
                     "class" : "Dist::Zilla::Plugin::PruneCruft",
                     "name" : "@RJBS/@Basic/PruneCruft",
                     "version" : "4.200006"
                  },
                  {
                     "class" : "Dist::Zilla::Plugin::ManifestSkip",
                     "name" : "@RJBS/@Basic/ManifestSkip",
                     "version" : "4.200006"
                  },
                  {
                     "class" : "Dist::Zilla::Plugin::MetaYAML",
                     "name" : "@RJBS/@Basic/MetaYAML",
                     "version" : "4.200006"
                  },
                  {
                     "class" : "Dist::Zilla::Plugin::License",
                     "name" : "@RJBS/@Basic/License",
                     "version" : "4.200006"
                  },
                  {
                     "class" : "Dist::Zilla::Plugin::Readme",
                     "name" : "@RJBS/@Basic/Readme",
                     "version" : "4.200006"
                  },
                  {
                     "class" : "Dist::Zilla::Plugin::ExtraTests",
                     "name" : "@RJBS/@Basic/ExtraTests",
                     "version" : "4.200006"
                  },
                  {
                     "class" : "Dist::Zilla::Plugin::ExecDir",
                     "name" : "@RJBS/@Basic/ExecDir",
                     "version" : "4.200006"
                  },
                  {
                     "class" : "Dist::Zilla::Plugin::ShareDir",
                     "name" : "@RJBS/@Basic/ShareDir",
                     "version" : "4.200006"
                  },
                  {
                     "class" : "Dist::Zilla::Plugin::MakeMaker",
                     "name" : "@RJBS/@Basic/MakeMaker",
                     "version" : "4.200006"
                  },
                  {
                     "class" : "Dist::Zilla::Plugin::Manifest",
                     "name" : "@RJBS/@Basic/Manifest",
                     "version" : "4.200006"
                  },
                  {
                     "class" : "Dist::Zilla::Plugin::TestRelease",
                     "name" : "@RJBS/@Basic/TestRelease",
                     "version" : "4.200006"
                  },
                  {
                     "class" : "Dist::Zilla::Plugin::ConfirmRelease",
                     "name" : "@RJBS/@Basic/ConfirmRelease",
                     "version" : "4.200006"
                  },
                  {
                     "class" : "Dist::Zilla::Plugin::UploadToCPAN",
                     "name" : "@RJBS/@Basic/UploadToCPAN",
                     "version" : "4.200006"
                  },
                  {
                     "class" : "Dist::Zilla::Plugin::AutoPrereqs",
                     "name" : "@RJBS/AutoPrereqs",
                     "version" : "4.200006"
                  },
                  {
                     "class" : "Dist::Zilla::Plugin::Git::NextVersion",
                     "name" : "@RJBS/Git::NextVersion",
                     "version" : "1.110500"
                  },
                  {
                     "class" : "Dist::Zilla::Plugin::PkgVersion",
                     "name" : "@RJBS/PkgVersion",
                     "version" : "4.200006"
                  },
                  {
                     "class" : "Dist::Zilla::Plugin::MetaConfig",
                     "name" : "@RJBS/MetaConfig",
                     "version" : "4.200006"
                  },
                  {
                     "class" : "Dist::Zilla::Plugin::MetaJSON",
                     "name" : "@RJBS/MetaJSON",
                     "version" : "4.200006"
                  },
                  {
                     "class" : "Dist::Zilla::Plugin::NextRelease",
                     "name" : "@RJBS/NextRelease",
                     "version" : "4.200006"
                  },
                  {
                     "class" : "Dist::Zilla::Plugin::PodSyntaxTests",
                     "name" : "@RJBS/PodSyntaxTests",
                     "version" : "4.200006"
                  },
                  {
                     "class" : "Dist::Zilla::Plugin::Repository",
                     "name" : "@RJBS/Repository",
                     "version" : "0.18"
                  },
                  {
                     "class" : "Dist::Zilla::Plugin::Prereqs",
                     "config" : {
                        "Dist::Zilla::Plugin::Prereqs" : {
                           "phase" : "test",
                           "type" : "requires"
                        }
                     },
                     "name" : "@RJBS/TestMoreWithSubtests",
                     "version" : "4.200006"
                  },
                  {
                     "class" : "Dist::Zilla::Plugin::PodWeaver",
                     "name" : "@RJBS/PodWeaver",
                     "version" : "3.101641"
                  },
                  {
                     "class" : "Dist::Zilla::Plugin::GithubMeta",
                     "name" : "@RJBS/GithubMeta",
                     "version" : "0.12"
                  },
                  {
                     "class" : "Dist::Zilla::Plugin::Git::Check",
                     "name" : "@RJBS/@Git/Check",
                     "version" : "1.110500"
                  },
                  {
                     "class" : "Dist::Zilla::Plugin::Git::Commit",
                     "name" : "@RJBS/@Git/Commit",
                     "version" : "1.110500"
                  },
                  {
                     "class" : "Dist::Zilla::Plugin::Git::Tag",
                     "name" : "@RJBS/@Git/Tag",
                     "version" : "1.110500"
                  },
                  {
                     "class" : "Dist::Zilla::Plugin::Git::Push",
                     "name" : "@RJBS/@Git/Push",
                     "version" : "1.110500"
                  },
                  {
                     "class" : "Dist::Zilla::Plugin::FinderCode",
                     "name" : ":InstallModules",
                     "version" : "4.200006"
                  },
                  {
                     "class" : "Dist::Zilla::Plugin::FinderCode",
                     "name" : ":IncModules",
                     "version" : "4.200006"
                  },
                  {
                     "class" : "Dist::Zilla::Plugin::FinderCode",
                     "name" : ":TestFiles",
                     "version" : "4.200006"
                  },
                  {
                     "class" : "Dist::Zilla::Plugin::FinderCode",
                     "name" : ":ExecFiles",
                     "version" : "4.200006"
                  },
                  {
                     "class" : "Dist::Zilla::Plugin::FinderCode",
                     "name" : ":ShareFiles",
                     "version" : "4.200006"
                  },
                  {
                     "class" : "Dist::Zilla::Plugin::FinderCode",
                     "name" : ":MainModule",
                     "version" : "4.200006"
                  }
               ],
               "zilla" : {
                  "class" : "Dist::Zilla::Dist::Builder",
                  "config" : {
                     "is_trial" : 0
                  },
                  "version" : "4.200006"
               }
            }
         },
         "name" : "Data::OptList",
         "pathname" : "R/RJ/RJBS/Data-OptList-0.107.tar.gz",
         "provides" : {
            "Data::OptList" : {
               "file" : "Data/OptList.pm",
               "version" : "0.107"
            }
         },
         "target" : "Data::OptList",
         "version" : "0.107"
      },
      "Params::Util" : {
         "dist" : "Params-Util-1.07",
         "mymeta" : {
            "abstract" : "Simple, compact and correct param-checking functions",
            "author" : [
               "Adam Kennedy <adamk@cpan.org>"
            ],
            "dynamic_config" : 0,
            "generated_by" : "ExtUtils::MakeMaker version 6.62, CPAN::Meta::Converter version 2.112621",
            "license" : [
               "perl_5"
            ],
            "meta-spec" : {
               "url" : "http://search.cpan.org/perldoc?CPAN::Meta::Spec",
               "version" : "2"
            },
            "name" : "Params-Util",
            "no_index" : {
               "directory" : [
                  "t",
                  "inc"
               ]
            },
            "prereqs" : {
               "build" : {
                  "requires" : {
                     "ExtUtils::MakeMaker" : "6.52",
                     "File::Spec" : "0.80",
                     "Test::More" : "0.42"
                  }
               },
               "configure" : {
                  "requires" : {
                     "ExtUtils::CBuilder" : "0.27",
                     "ExtUtils::MakeMaker" : "6.52"
                  }
               },
               "runtime" : {
                  "requires" : {
                     "Scalar::Util" : "1.18",
                     "perl" : "5.00503"
                  }
               }
            },
            "release_status" : "stable",
            "version" : "1.07"
         },
         "name" : "Params::Util",
         "pathname" : "A/AD/ADAMK/Params-Util-1.07.tar.gz",
         "provides" : {
            "Params::Util" : {
               "file" : "Params/Util.pm",
               "version" : "1.07"
            }
         },
         "target" : "Params::Util",
         "version" : "1.07"
      },
      "Path::Class" : {
         "dist" : "Path-Class-0.29",
         "mymeta" : {
            "abstract" : "Cross-platform path specification manipulation",
            "author" : [
               "Ken Williams <kwilliams@cpan.org>"
            ],
            "dynamic_config" : 0,
            "generated_by" : "Module::Build version 0.4003, CPAN::Meta::Converter version 2.112621",
            "license" : [
               "perl_5"
            ],
            "meta-spec" : {
               "url" : "http://search.cpan.org/perldoc?CPAN::Meta::Spec",
               "version" : "2"
            },
            "name" : "Path-Class",
            "prereqs" : {
               "build" : {
                  "requires" : {
                     "Module::Build" : "0.3601",
                     "Test" : 0,
                     "Test::More" : 0,
                     "warnings" : 0
                  }
               },
               "configure" : {
                  "requires" : {
                     "ExtUtils::MakeMaker" : "6.30",
                     "Module::Build" : "0.3601"
                  }
               },
               "runtime" : {
                  "requires" : {
                     "Carp" : 0,
                     "Cwd" : 0,
                     "Exporter" : 0,
                     "File::Path" : 0,
                     "File::Spec" : "0.87",
                     "File::Temp" : 0,
                     "File::stat" : 0,
                     "IO::Dir" : 0,
                     "IO::File" : 0,
                     "base" : 0,
                     "overload" : 0,
                     "strict" : 0
                  }
               }
            },
            "release_status" : "stable",
            "resources" : {
               "bugtracker" : {
                  "web" : "http://rt.cpan.org/Public/Dist/Display.html?Name=Path-Class"
               },
               "repository" : {
                  "type" : "git",
                  "url" : "git://github.com/kenahoo/Path-Class.git"
               }
            },
            "version" : "0.29"
         },
         "name" : "Path::Class",
         "pathname" : "K/KW/KWILLIAMS/Path-Class-0.29.tar.gz",
         "provides" : {
            "Path::Class" : {
               "file" : "Path/Class.pm",
               "version" : "0.29"
            },
            "Path::Class::Dir" : {
               "file" : "Path/Class/Dir.pm",
               "version" : "0.29"
            },
            "Path::Class::Entity" : {
               "file" : "Path/Class/Entity.pm",
               "version" : "0.29"
            },
            "Path::Class::File" : {
               "file" : "Path/Class/File.pm",
               "version" : "0.29"
            }
         },
         "target" : "Path::Class",
         "version" : "0.29"
      },
      "Sub::Exporter" : {
         "dist" : "Sub-Exporter-0.984",
         "mymeta" : {
            "abstract" : "a sophisticated exporter for custom-built routines",
            "author" : [
               "Ricardo Signes <rjbs@cpan.org>"
            ],
            "dynamic_config" : 0,
            "generated_by" : "Dist::Zilla version 4.300016, CPAN::Meta::Converter version 2.120630, CPAN::Meta::Converter version 2.112621",
            "license" : [
               "perl_5"
            ],
            "meta-spec" : {
               "url" : "http://search.cpan.org/perldoc?CPAN::Meta::Spec",
               "version" : "2"
            },
            "name" : "Sub-Exporter",
            "prereqs" : {
               "build" : {
                  "requires" : {
                     "Exporter" : 0,
                     "Test::More" : "0.96",
                     "base" : 0,
                     "overload" : 0,
                     "subs" : 0
                  }
               },
               "configure" : {
                  "requires" : {
                     "ExtUtils::MakeMaker" : "6.30"
                  }
               },
               "runtime" : {
                  "requires" : {
                     "Carp" : 0,
                     "Data::OptList" : "0.100",
                     "Params::Util" : "0.14",
                     "Sub::Install" : "0.92",
                     "strict" : 0,
                     "warnings" : 0
                  }
               },
               "test" : {
                  "requires" : {
                     "Exporter" : 0,
                     "Test::More" : "0.96",
                     "base" : 0,
                     "overload" : 0,
                     "subs" : 0
                  }
               }
            },
            "release_status" : "stable",
            "resources" : {
               "homepage" : "https://github.com/rjbs/sub-exporter",
               "repository" : {
                  "type" : "git",
                  "url" : "https://github.com/rjbs/sub-exporter.git",
                  "web" : "https://github.com/rjbs/sub-exporter"
               }
            },
            "version" : "0.984",
            "x_Dist_Zilla" : {
               "plugins" : [
                  {
                     "class" : "Dist::Zilla::Plugin::Git::GatherDir",
                     "name" : "@RJBS/Git::GatherDir",
                     "version" : "1.121010"
                  },
                  {
                     "class" : "Dist::Zilla::Plugin::CheckPrereqsIndexed",
                     "name" : "@RJBS/CheckPrereqsIndexed",
                     "version" : "0.007"
                  },
                  {
                     "class" : "Dist::Zilla::Plugin::CheckExtraTests",
                     "name" : "@RJBS/CheckExtraTests",
                     "version" : "0.006"
                  },
                  {
                     "class" : "Dist::Zilla::Plugin::PruneCruft",
                     "name" : "@RJBS/@Filter/PruneCruft",
                     "version" : "4.300016"
                  },
                  {
                     "class" : "Dist::Zilla::Plugin::ManifestSkip",
                     "name" : "@RJBS/@Filter/ManifestSkip",
                     "version" : "4.300016"
                  },
                  {
                     "class" : "Dist::Zilla::Plugin::MetaYAML",
                     "name" : "@RJBS/@Filter/MetaYAML",
                     "version" : "4.300016"
                  },
                  {
                     "class" : "Dist::Zilla::Plugin::License",
                     "name" : "@RJBS/@Filter/License",
                     "version" : "4.300016"
                  },
                  {
                     "class" : "Dist::Zilla::Plugin::Readme",
                     "name" : "@RJBS/@Filter/Readme",
                     "version" : "4.300016"
                  },
                  {
                     "class" : "Dist::Zilla::Plugin::ExecDir",
                     "name" : "@RJBS/@Filter/ExecDir",
                     "version" : "4.300016"
                  },
                  {
                     "class" : "Dist::Zilla::Plugin::ShareDir",
                     "name" : "@RJBS/@Filter/ShareDir",
                     "version" : "4.300016"
                  },
                  {
                     "class" : "Dist::Zilla::Plugin::MakeMaker",
                     "name" : "@RJBS/@Filter/MakeMaker",
                     "version" : "4.300016"
                  },
                  {
                     "class" : "Dist::Zilla::Plugin::Manifest",
                     "name" : "@RJBS/@Filter/Manifest",
                     "version" : "4.300016"
                  },
                  {
                     "class" : "Dist::Zilla::Plugin::TestRelease",
                     "name" : "@RJBS/@Filter/TestRelease",
                     "version" : "4.300016"
                  },
                  {
                     "class" : "Dist::Zilla::Plugin::ConfirmRelease",
                     "name" : "@RJBS/@Filter/ConfirmRelease",
                     "version" : "4.300016"
                  },
                  {
                     "class" : "Dist::Zilla::Plugin::UploadToCPAN",
                     "name" : "@RJBS/@Filter/UploadToCPAN",
                     "version" : "4.300016"
                  },
                  {
                     "class" : "Dist::Zilla::Plugin::AutoPrereqs",
                     "name" : "@RJBS/AutoPrereqs",
                     "version" : "4.300016"
                  },
                  {
                     "class" : "Dist::Zilla::Plugin::Git::NextVersion",
                     "name" : "@RJBS/Git::NextVersion",
                     "version" : "1.121010"
                  },
                  {
                     "class" : "Dist::Zilla::Plugin::PkgVersion",
                     "name" : "@RJBS/PkgVersion",
                     "version" : "4.300016"
                  },
                  {
                     "class" : "Dist::Zilla::Plugin::MetaConfig",
                     "name" : "@RJBS/MetaConfig",
                     "version" : "4.300016"
                  },
                  {
                     "class" : "Dist::Zilla::Plugin::MetaJSON",
                     "name" : "@RJBS/MetaJSON",
                     "version" : "4.300016"
                  },
                  {
                     "class" : "Dist::Zilla::Plugin::NextRelease",
                     "name" : "@RJBS/NextRelease",
                     "version" : "4.300016"
                  },
                  {
                     "class" : "Dist::Zilla::Plugin::PodSyntaxTests",
                     "name" : "@RJBS/PodSyntaxTests",
                     "version" : "4.300016"
                  },
                  {
                     "class" : "Dist::Zilla::Plugin::Prereqs",
                     "config" : {
                        "Dist::Zilla::Plugin::Prereqs" : {
                           "phase" : "test",
                           "type" : "requires"
                        }
                     },
                     "name" : "@RJBS/TestMoreWithSubtests",
                     "version" : "4.300016"
                  },
                  {
                     "class" : "Dist::Zilla::Plugin::PodWeaver",
                     "name" : "@RJBS/PodWeaver",
                     "version" : "3.101641"
                  },
                  {
                     "class" : "Dist::Zilla::Plugin::GithubMeta",
                     "name" : "@RJBS/GithubMeta",
                     "version" : "0.28"
                  },
                  {
                     "class" : "Dist::Zilla::Plugin::Git::Check",
                     "name" : "@RJBS/@Git/Check",
                     "version" : "1.121010"
                  },
                  {
                     "class" : "Dist::Zilla::Plugin::Git::Commit",
                     "name" : "@RJBS/@Git/Commit",
                     "version" : "1.121010"
                  },
                  {
                     "class" : "Dist::Zilla::Plugin::Git::Tag",
                     "name" : "@RJBS/@Git/Tag",
                     "version" : "1.121010"
                  },
                  {
                     "class" : "Dist::Zilla::Plugin::Git::Push",
                     "name" : "@RJBS/@Git/Push",
                     "version" : "1.121010"
                  },
                  {
                     "class" : "Dist::Zilla::Plugin::RemovePrereqs",
                     "config" : {
                        "Dist::Zilla::Plugin::RemovePrereqs" : {
                           "modules_to_remove" : [
                              "E::Parent",
                              "Package::Generator"
                           ]
                        }
                     },
                     "name" : "RemovePrereqs",
                     "version" : "4.300016"
                  },
                  {
                     "class" : "Dist::Zilla::Plugin::FinderCode",
                     "name" : ":InstallModules",
                     "version" : "4.300016"
                  },
                  {
                     "class" : "Dist::Zilla::Plugin::FinderCode",
                     "name" : ":IncModules",
                     "version" : "4.300016"
                  },
                  {
                     "class" : "Dist::Zilla::Plugin::FinderCode",
                     "name" : ":TestFiles",
                     "version" : "4.300016"
                  },
                  {
                     "class" : "Dist::Zilla::Plugin::FinderCode",
                     "name" : ":ExecFiles",
                     "version" : "4.300016"
                  },
                  {
                     "class" : "Dist::Zilla::Plugin::FinderCode",
                     "name" : ":ShareFiles",
                     "version" : "4.300016"
                  },
                  {
                     "class" : "Dist::Zilla::Plugin::FinderCode",
                     "name" : ":MainModule",
                     "version" : "4.300016"
                  }
               ],
               "zilla" : {
                  "class" : "Dist::Zilla::Dist::Builder",
                  "config" : {
                     "is_trial" : "0"
                  },
                  "version" : "4.300016"
               }
            }
         },
         "name" : "Sub::Exporter",
         "pathname" : "R/RJ/RJBS/Sub-Exporter-0.984.tar.gz",
         "provides" : {
            "Sub::Exporter" : {
               "file" : "Sub/Exporter.pm",
               "version" : "0.984"
            },
            "Sub::Exporter::Util" : {
               "file" : "Sub/Exporter/Util.pm",
               "version" : "0.984"
            }
         },
         "target" : "Sub::Exporter",
         "version" : "0.984"
      },
      "Sub::Install" : {
         "dist" : "Sub-Install-0.926",
         "mymeta" : {
            "abstract" : "install subroutines into packages easily",
            "author" : [
               "Ricardo Signes <rjbs@cpan.org>"
            ],
            "dynamic_config" : 0,
            "generated_by" : "ExtUtils::MakeMaker version 6.62, CPAN::Meta::Converter version 2.120351, CPAN::Meta::Converter version 2.112621",
            "license" : [
               "perl_5"
            ],
            "meta-spec" : {
               "url" : "http://search.cpan.org/perldoc?CPAN::Meta::Spec",
               "version" : "2"
            },
            "name" : "Sub-Install",
            "no_index" : {
               "directory" : [
                  "t",
                  "inc"
               ]
            },
            "prereqs" : {
               "build" : {
                  "requires" : {
                     "ExtUtils::MakeMaker" : 0
                  }
               },
               "configure" : {
                  "requires" : {
                     "ExtUtils::MakeMaker" : 0
                  }
               },
               "runtime" : {
                  "requires" : {
                     "Scalar::Util" : 0,
                     "Test::More" : 0
                  }
               }
            },
            "release_status" : "stable",
            "resources" : {
               "x_Repository" : "http://github.com/rjbs/sub-install"
            },
            "version" : "0.926"
         },
         "name" : "Sub::Install",
         "pathname" : "R/RJ/RJBS/Sub-Install-0.926.tar.gz",
         "provides" : {
            "Sub::Install" : {
               "file" : "Sub/Install.pm",
               "version" : "0.926"
            }
         },
         "target" : "Sub::Install",
         "version" : "0.926"
      },
      "Test::Output" : {
         "dist" : "Test-Output-1.01",
         "mymeta" : {
            "abstract" : "Utilities to test STDOUT and STDERR messages.",
            "author" : [
               "brian d foy <bdfoy@cpan.org>"
            ],
            "dynamic_config" : 0,
            "generated_by" : "ExtUtils::MakeMaker version 6.55_02, CPAN::Meta::Converter version 2.112621",
            "keywords" : [
               "testing",
               "STDOUT",
               "STDERR"
            ],
            "license" : [
               "perl_5"
            ],
            "meta-spec" : {
               "url" : "http://search.cpan.org/perldoc?CPAN::Meta::Spec",
               "version" : "2"
            },
            "name" : "Test-Output",
            "no_index" : {
               "directory" : [
                  "t",
                  "inc"
               ]
            },
            "prereqs" : {
               "build" : {
                  "requires" : {
                     "ExtUtils::MakeMaker" : 0
                  }
               },
               "configure" : {
                  "requires" : {
                     "ExtUtils::MakeMaker" : 0
                  }
               },
               "runtime" : {
                  "requires" : {
                     "File::Temp" : "0.17",
                     "Sub::Exporter" : 0,
                     "Test::More" : 0,
                     "Test::Tester" : "0.107",
                     "perl" : "5.006"
                  }
               }
            },
            "release_status" : "stable",
            "resources" : {
               "repository" : {
                  "type" : "git",
                  "url" : "git://github.com/briandfoy/test-output.git"
               }
            },
            "version" : "1.01"
         },
         "name" : "Test::Output",
         "pathname" : "B/BD/BDFOY/Test-Output-1.01.tar.gz",
         "provides" : {
            "Test::Output" : {
               "file" : "Test/Output.pm",
               "version" : "1.01"
            },
            "Test::Output::Tie" : {
               "file" : "Test/Output/Tie.pm",
               "version" : "1.01"
            }
         },
         "target" : "Test::Output",
         "version" : "1.01"
      },
      "Test::Tester" : {
         "dist" : "Test-Tester-0.108",
         "mymeta" : {
            "abstract" : "unknown",
            "author" : [
               "unknown"
            ],
            "dynamic_config" : 0,
            "generated_by" : "ExtUtils::MakeMaker version 6.30_01, CPAN::Meta::Converter version 2.112621",
            "license" : [
               "unknown"
            ],
            "meta-spec" : {
               "url" : "http://search.cpan.org/perldoc?CPAN::Meta::Spec",
               "version" : "2"
            },
            "name" : "Test-Tester",
            "prereqs" : {
               "build" : {
                  "requires" : {
                     "ExtUtils::MakeMaker" : 0
                  }
               },
               "runtime" : {
                  "requires" : {
                     "Test::Builder" : 0
                  }
               }
            },
            "release_status" : "stable",
            "version" : "0.108",
            "x_installdirs" : "perl",
            "x_version_from" : "./lib/Test/Tester.pm"
         },
         "name" : "Test::Tester",
         "pathname" : "F/FD/FDALY/Test-Tester-0.108.tar.gz",
         "provides" : {
            "Test::Tester" : {
               "file" : "Test/Tester.pm",
               "version" : "0.108"
            },
            "Test::Tester::Capture" : {
               "file" : "Test/Tester/Capture.pm"
            },
            "Test::Tester::CaptureRunner" : {
               "file" : "Test/Tester/CaptureRunner.pm"
            },
            "Test::Tester::Delegate" : {
               "file" : "Test/Tester/Delegate.pm"
            }
         },
         "target" : "Test::Tester",
         "version" : "0.108"
      }
   },
   "version" : "0.9"
}
